{
  "name": "@flowpad/sdk",
  "version": "0.1.0",
  "lockfileVersion": 3,
  "requires": true,
  "packages": {
    "": {
      "name": "@flowpad/sdk",
      "version": "0.1.0",
      "dependencies": {
        "@tanstack/query-core": "5.90.17",
        "dotenv": "^17.3.1"
      }
    },
    "node_modules/@tanstack/query-core": {
      "version": "5.90.17",
      "resolved": "https://registry.npmjs.org/@tanstack/query-core/-/query-core-5.90.17.tgz",
      "integrity": "sha512-hDww+RyyYhjhUfoYQ4es6pbgxY7LNiPWxt4l1nJqhByjndxJ7HIjDxTBtfvMr5HwjYavMrd+ids5g4Rfev3lVQ==",
      "license": "MIT",
      "funding": {
        "type": "github",
        "url": "https://github.com/sponsors/tannerlinsley"
      }
    },
    "node_modules/dotenv": {
      "version": "17.3.1",
      "resolved": "https://registry.npmjs.org/dotenv/-/dotenv-17.3.1.tgz",
      "integrity": "sha512-IO8C/dzEb6O3F9/twg6ZLXz164a2fhTnEWb95H23Dm4OuN+92NmEAlTrupP9VW6Jm3sO26tQlqyvyi4CsnY9GA==",
      "license": "BSD-2-Clause",
      "engines": {
        "node": ">=12"
      },
      "funding": {
        "url": "https://dotenvx.com"
      }
    }
  }
}
